github.com/CaiJimmy/hugo-theme-stack/v3 v3.24.2 h1:Z7Wyz2/mh0ZCYIz24Ei9GrTi+Rwrr9SyVtiDoaAz3kc=
github.com/CaiJimmy/hugo-theme-stack/v3 v3.24.2/go.mod h1:IPmCXiIxlFSLFYS0tOmYP6ySLviyeNVSabyvSuaxD+I=
github.com/Runzelee/aplayer-hugo-module v0.0.0-20220608171959-be69e75151aa h1:lFtDOzLYYslGSqH8i1JaAMsquVk8YqQGxzT49bZhL5w=
github.com/Runzelee/aplayer-hugo-module v0.0.0-20220608171959-be69e75151aa/go.mod h1:ihmYowG9+5yKw+3MKxINeqDISAHUW2q3/T8Phgwm4QU=
github.com/martignoni/hugo-notice v0.0.0-20240308201046-ac039ce29ae8 h1:32HUwildsWEHb+OPnJqzfkpJbEwOsKTSMOMmmD2hNnc=
github.com/martignoni/hugo-notice v0.0.0-20240308201046-ac039ce29ae8/go.mod h1:MIQPOMgEcbyRC0gNLzQFSgrS+wIy3RuQ/HbaZYtTOKU=
